github.com/13x-tech/go-jose/v3 v3.0.1-0.20220321223504-5b54fdf1b7df h1:BTSPGT/UkruWY6ebzGfF4THl+imp92V2VvVZ0+riTbQ=
github.com/13x-tech/go-jose/v3 v3.0.1-0.20220321223504-5b54fdf1b7df/go.mod h1:6CvUiF61l5amvHshYXjRuofpwhG2X3BBn4m2HOc+kh0=
github.com/13x-tech/ion-api-go v0.0.0-20220707201757-fa7ad1ff5e66 h1:Wqd1hjZyJ0SMQcv4hwfIe9qYjNHNELPf2tCtqx+5sOc=
github.com/13x-tech/ion-api-go v0.0.0-20220707201757-fa7ad1ff5e66/go.mod h1:J5PISwDvahY2i3GUd8gFDzI05Wh77Eugh9n1UVJfDNU=
github.com/13x-tech/ion-sdk-go v0.0.0-20220708024602-22ba749dccaa h1:2XXgsRy2g8g3r4VS90buASiGhVweq81+J03Oi29oIAQ=
github.com/13x-tech/ion-sdk-go v0.0.0-20220708024602-22ba749dccaa/go.mod h1:QX+DwJbijSaYCmXebx9n2Wd9X+MMIOp1Sr7C/5q1ACc=
github.com/13x-tech/ion-sdk-go v0.0.0-20220708025238-03e1490cafee h1:EK5NlAKFp//J0GgNflGkvJNRUnrR7sH9B/3qIpg82SY=
github.com/13x-tech/ion-sdk-go v0.0.0-20220708025238-03e1490cafee/go.mod h1:QX+DwJbijSaYCmXebx9n2Wd9X+MMIOp1Sr7C/5q1ACc=
github.com/13x-tech/ion-sdk-go v0.0.0-20220708025620-026a32a3ee0a h1:lZ/yv42o++JWudF4mEYBcK1OyNtrG6ISOLS4GaF0xTs=
github.com/13x-tech/ion-sdk-go v0.0.0-20220708025620-026a32a3ee0a/go.mod h1:QX+DwJbijSaYCmXebx9n2Wd9X+MMIOp1Sr7C/5q1ACc=
github.com/13x-tech/ion-sdk-go v0.0.0-20220714040705-159580355fe4 h1:7S+jU3PRy05RQ42gTm0O9iMz1hl7s48JaoiXc3sj7tU=
github.com/13x-tech/ion-sdk-go v0.0.0-20220714040705-159580355fe4/go.mod h1:QX+DwJbijSaYCmXebx9n2Wd9X+MMIOp1Sr7C/5q1ACc=
github.com/13x-tech/ion-sdk-go v0.0.0-20220716235238-a291cba2ef1f h1:IiSaWD4mY5p8DpFSJ2bCkXoD0bZhEwGe5vOJBFi0BZ8=
github.com/13x-tech/ion-sdk-go v0.0.0-20220716235238-a291cba2ef1f/go.mod h1:DyidTd0S0cFDK7Al+pB345yrVMDYRpmDdTCZUgbFmhA=
github.com/13x-tech/ion-sdk-go v0.0.0-20220717000913-43d2c4397294 h1:aSPFd3DMCBoSDgLa/AkaHrckWqOinuorEqhvwj9mzt4=
github.com/13x-tech/ion-sdk-go v0.0.0-20220717000913-43d2c4397294/go.mod h1:DyidTd0S0cFDK7Al+pB345yrVMDYRpmDdTCZUgbFmhA=
github.com/13x-tech/ion-sdk-go v0.0.0-20220717001118-ee377150b342 h1:HzUZ1zGB0I7OdrQldWNExTDUmiZnpB65YNe+2/4PRLw=
github.com/13x-tech/ion-sdk-go v0.0.0-20220717001118-ee377150b342/go.mod h1:DyidTd0S0cFDK7Al+pB345yrVMDYRpmDdTCZUgbFmhA=
github.com/13x-tech/ion-sdk-go v0.0.0-20220717001953-3f1758a6ca18 h1:ViQQb34f16srGohQUCa5RKsFUWNaCgjb9SRZPhuBKlE=
github.com/13x-tech/ion-sdk-go v0.0.0-20220717001953-3f1758a6ca18/go.mod h1:DyidTd0S0cFDK7Al+pB345yrVMDYRpmDdTCZUgbFmhA=
github.com/13x-tech/ion-sdk-go v0.0.0-20220717002208-326dfeeaeab8 h1:t1acaPS0U/yVSIrYm/NC3/lLiUOOcsmJJOrtAxI+DcU=
github.com/13x-tech/ion-sdk-go v0.0.0-20220717002208-326dfeeaeab8/go.mod h1:DyidTd0S0cFDK7Al+pB345yrVMDYRpmDdTCZUgbFmhA=
github.com/13x-tech/ion-sdk-go v0.0.0-20220717002432-da12ace49ac6 h1:c2FycdHeN7Bcv7Gc4LqYiVFdbr+ChU66XtKppKyI4us=
github.com/13x-tech/ion-sdk-go v0.0.0-20220717002432-da12ace49ac6/go.mod h1:DyidTd0S0cFDK7Al+pB345yrVMDYRpmDdTCZUgbFmhA=
github.com/13x-tech/ion-sdk-go v0.0.0-20220717003044-aae7121b0ff1 h1:k+hOviheMU856F0ehqt9VyiTaH+b/dBRjci+Zo5kIKA=
github.com/13x-tech/ion-sdk-go v0.0.0-20220717003044-aae7121b0ff1/go.mod h1:DyidTd0S0cFDK7Al+pB345yrVMDYRpmDdTCZUgbFmhA=
github.com/13x-tech/ion-sdk-go v0.0.0-20220717005738-a074667f1c04 h1:Vm/tISy9EDxq1/HW09iKWU6AruNFOoic2VtUibvqUC8=
github.com/13x-tech/ion-sdk-go v0.0.0-20220717005738-a074667f1c04/go.mod h1:DyidTd0S0cFDK7Al+pB345yrVMDYRpmDdTCZUgbFmhA=
github.com/13x-tech/ion-sdk-go v0.0.0-20220717010035-60812b777358 h1:MAoNLrqqYNTs9pMOv+AfNp1TbkhOD3698e33186Dujw=
github.com/13x-tech/ion-sdk-go v0.0.0-20220717010035-60812b777358/go.mod h1:DyidTd0S0cFDK7Al+pB345yrVMDYRpmDdTCZUgbFmhA=
github.com/13x-tech/ion-sdk-go v0.0.0-20220717020508-e36127a6a877 h1:0LivZeoCXNJQFFbExMdXCDBdqAyseZ0Pl+XBj5pCBkM=
github.com/13x-tech/ion-sdk-go v0.0.0-20220717020508-e36127a6a877/go.mod h1:DyidTd0S0cFDK7Al+pB345yrVMDYRpmDdTCZUgbFmhA=
github.com/btcsuite/btcd/btcec/v2 v2.1.3 h1:xM/n3yIhHAhHy04z4i43C8p4ehixJZMsnrVJkgl+MTE=
github.com/btcsuite/btcd/btcec/v2 v2.1.3/go.mod h1:ctjw4H1kknNJmRN4iP1R7bTQ+v3GJkZBd6mui8ZsAZE=
github.com/btcsuite/btcd/chaincfg/chainhash v1.0.0/go.mod h1:7SFka0XMvUgj3hfZtydOrQY2mwhPclbT2snogU7SQQc=
github.com/davecgh/go-spew v1.1.0/go.mod h1:J7Y8YcW2NihsgmVo/mv3lAwl/skON4iLHjSsI+c5H38=
github.com/davecgh/go-spew v1.1.1 h1:vj9j/u1bqnvCEfJOwUhtlOARqs3+rkHYY13jYWTU97c=
github.com/davecgh/go-spew v1.1.1/go.mod h1:J7Y8YcW2NihsgmVo/mv3lAwl/skON4iLHjSsI+c5H38=
github.com/decred/dcrd/crypto/blake256 v1.0.0/go.mod h1:sQl2p6Y26YV+ZOcSTP6thNdn47hh8kt6rqSlvmrXFAc=
github.com/decred/dcrd/dcrec/secp256k1/v4 v4.0.1 h1:YLtO71vCjJRCBcrPMtQ9nqBsqpA1m5sE92cU+pd5Mcc=
github.com/decred/dcrd/dcrec/secp256k1/v4 v4.0.1/go.mod h1:hyedUtir6IdtD/7lIxGeCxkaw7y45JueMRL4DIyJDKs=
github.com/google/go-cmp v0.5.0 h1:/QaMHBdZ26BB3SSst0Iwl10Epc+xhTquomWX0oZEB6w=
github.com/google/go-cmp v0.5.0/go.mod h1:v8dTdLbMG2kIc/vJvl+f65V22dbkXbowE6jgT/gNBxE=
github.com/gowebpki/jcs v1.0.0 h1:0pZtOgGetfH/L7yXb4KWcJqIyZNA43WXFyMd7ftZACw=
github.com/gowebpki/jcs v1.0.0/go.mod h1:CID1cNZ+sHp1CCpAR8mPf6QRtagFBgPJE0FCUQ6+BrI=
github.com/klauspost/cpuid/v2 v2.0.4/go.mod h1:FInQzS24/EEf25PyTYn52gqo7WaD8xa0213Md/qVLRg=
github.com/klauspost/cpuid/v2 v2.0.9 h1:lgaqFMSdTdQYdZ04uHyN2d/eKdOMyi2YLSvlQIBFYa4=
github.com/klauspost/cpuid/v2 v2.0.9/go.mod h1:FInQzS24/EEf25PyTYn52gqo7WaD8xa0213Md/qVLRg=
github.com/klauspost/cpuid/v2 v2.0.14 h1:QRqdp6bb9M9S5yyKeYteXKuoKE4p0tGlra81fKOpWH8=
github.com/klauspost/cpuid/v2 v2.0.14/go.mod h1:g2LTdtYhdyuGPqyWyv7qRAmj1WBqxuObKfj5c0PQa7c=
github.com/minio/blake2b-simd v0.0.0-20160723061019-3f5f724cb5b1 h1:lYpkrQH5ajf0OXOcUbGjvZxxijuBwbbmlSxLiuofa+g=
github.com/minio/blake2b-simd v0.0.0-20160723061019-3f5f724cb5b1/go.mod h1:pD8RvIylQ358TN4wwqatJ8rNavkEINozVn9DtGI3dfQ=
github.com/minio/sha256-simd v1.0.0 h1:v1ta+49hkWZyvaKwrQB8elexRqm6Y0aMLjCNsrYxo6g=
github.com/minio/sha256-simd v1.0.0/go.mod h1:OuYzVNI5vcoYIAmbIvHPl3N3jUzVedXbKy5RFepssQM=
github.com/mr-tron/base58 v1.2.0 h1:T/HDJBh4ZCPbU39/+c3rRvE0uKBQlU27+QI8LJ4t64o=
github.com/mr-tron/base58 v1.2.0/go.mod h1:BinMc/sQntlIE1frQmRFPUoPA1Zkr8VRgBdjWI2mNwc=
github.com/multiformats/go-multihash v0.1.0 h1:CgAgwqk3//SVEw3T+6DqI4mWMyRuDwZtOWcJT0q9+EA=
github.com/multiformats/go-multihash v0.1.0/go.mod h1:RJlXsxt6vHGaia+S8We0ErjhojtKzPP2AH4+kYM7k84=
github.com/multiformats/go-multihash v0.2.0 h1:oytJb9ZA1OUW0r0f9ea18GiaPOo4SXyc7p2movyUuo4=
github.com/multiformats/go-multihash v0.2.0/go.mod h1:WxoMcYG85AZVQUyRyo9s4wULvW5qrI9vb2Lt6evduFc=
github.com/multiformats/go-varint v0.0.6 h1:gk85QWKxh3TazbLxED/NlDVv8+q+ReFJk7Y2W/KhfNY=
github.com/multiformats/go-varint v0.0.6/go.mod h1:3Ls8CIEsrijN6+B7PbrXRPxHRPuXSrVKRY101jdMZYE=
github.com/pmezard/go-difflib v1.0.0 h1:4DBwDE0NGyQoBHbLQYPwSUPoCMWR5BEzIk/f1lZbAQM=
github.com/pmezard/go-difflib v1.0.0/go.mod h1:iKH77koFhYxTK1pcRnkKkqfTogsbg7gZNVY4sRDYZ/4=
github.com/spaolacci/murmur3 v1.1.0 h1:7c1g84S4BPRrfL5Xrdp6fOJ206sU9y293DDHaoy0bLI=
github.com/spaolacci/murmur3 v1.1.0/go.mod h1:JwIasOWyU6f++ZhiEuf87xNszmSA2myDM2Kzu9HwQUA=
github.com/stretchr/objx v0.1.0/go.mod h1:HFkY916IF+rwdDfMAkV7OtwuqBVzrE8GR6GFx+wExME=
github.com/stretchr/testify v1.6.1/go.mod h1:6Fq8oRcR53rry900zMqJjRRixrwX3KX962/h/Wwjteg=
github.com/stretchr/testify v1.7.0/go.mod h1:6Fq8oRcR53rry900zMqJjRRixrwX3KX962/h/Wwjteg=
github.com/stretchr/testify v1.7.1 h1:5TQK59W5E3v0r2duFAb7P95B6hEeOyEnHRa8MjYSMTY=
github.com/stretchr/testify v1.7.1/go.mod h1:6Fq8oRcR53rry900zMqJjRRixrwX3KX962/h/Wwjteg=
golang.org/x/crypto v0.0.0-20190308221718-c2843e01d9a2/go.mod h1:djNgcEr1/C05ACkg1iLfiJU5Ep61QUkGW8qpdssI0+w=
golang.org/x/crypto v0.0.0-20190911031432-227b76d455e7/go.mod h1:yigFU9vqHzYiE8UmvKecakEJjdnWj3jj499lnFckfCI=
golang.org/x/crypto v0.0.0-20210220033148-5ea612d1eb83/go.mod h1:jdWPYTVW3xRLrWPugEBEK3UY2ZEsg3UU495nc5E+M+I=
golang.org/x/crypto v0.0.0-20220214200702-86341886e292 h1:f+lwQ+GtmgoY+A2YaQxlSOnDjXcQ7ZRLWOHbC6HtRqE=
golang.org/x/crypto v0.0.0-20220214200702-86341886e292/go.mod h1:IxCIyHEi3zRg3s0A5j5BB6A9Jmi73HwBIUl50j+osU4=
golang.org/x/crypto v0.0.0-20220525230936-793ad666bf5e h1:T8NU3HyQ8ClP4SEE+KbFlg6n0NhuTsN4MyznaarGsZM=
golang.org/x/crypto v0.0.0-20220525230936-793ad666bf5e/go.mod h1:IxCIyHEi3zRg3s0A5j5BB6A9Jmi73HwBIUl50j+osU4=
golang.org/x/crypto v0.0.0-20220622213112-05595931fe9d h1:sK3txAijHtOK88l68nt020reeT1ZdKLIYetKl95FzVY=
golang.org/x/crypto v0.0.0-20220622213112-05595931fe9d/go.mod h1:IxCIyHEi3zRg3s0A5j5BB6A9Jmi73HwBIUl50j+osU4=
golang.org/x/net v0.0.0-20190404232315-eb5bcb51f2a3/go.mod h1:t9HGtf8HONx5eT2rtn7q6eTqICYqUVnKs3thJo3Qplg=
golang.org/x/net v0.0.0-20211112202133-69e39bad7dc2/go.mod h1:9nx3DQGgdP8bBQD5qxJ1jj9UTztislL4KSBs9R2vV5Y=
golang.org/x/sys v0.0.0-20190215142949-d0b11bdaac8a/go.mod h1:STP8DvDyc/dI5b8T5hshtkjS+E42TnysNCUPdjciGhY=
golang.org/x/sys v0.0.0-20190412213103-97732733099d/go.mod h1:h1NjWce9XRLGQEsW7wpKNCjG9DtNlClVuFLEZdDNbEs=
golang.org/x/sys v0.0.0-20191026070338-33540a1f6037/go.mod h1:h1NjWce9XRLGQEsW7wpKNCjG9DtNlClVuFLEZdDNbEs=
golang.org/x/sys v0.0.0-20201119102817-f84b799fce68/go.mod h1:h1NjWce9XRLGQEsW7wpKNCjG9DtNlClVuFLEZdDNbEs=
golang.org/x/sys v0.0.0-20210309074719-68d13333faf2/go.mod h1:h1NjWce9XRLGQEsW7wpKNCjG9DtNlClVuFLEZdDNbEs=
golang.org/x/sys v0.0.0-20210423082822-04245dca01da/go.mod h1:h1NjWce9XRLGQEsW7wpKNCjG9DtNlClVuFLEZdDNbEs=
golang.org/x/sys v0.0.0-20210615035016-665e8c7367d1 h1:SrN+KX8Art/Sf4HNj6Zcz06G7VEz+7w9tdXTPOZ7+l4=
golang.org/x/sys v0.0.0-20210615035016-665e8c7367d1/go.mod h1:oPkhp1MJrh7nUepCBck5+mAzfO9JrbApNNgaTdGDITg=
golang.org/x/term v0.0.0-20201117132131-f5c789dd3221/go.mod h1:Nr5EML6q2oocZ2LXRh80K7BxOlk5/8JxuGnuhpl+muw=
golang.org/x/term v0.0.0-20201126162022-7de9c90e9dd1/go.mod h1:bj7SfCRtBDWHUb9snDiAeCFNEtKQo2Wmx5Cou7ajbmo=
golang.org/x/text v0.3.0/go.mod h1:NqM8EUOU14njkJ3fqMW+pc6Ldnwhi/IjpwHt7yyuwOQ=
golang.org/x/text v0.3.6/go.mod h1:5Zoc/QRtKVWzQhOtBMvqHzDpF6irO9z98xDceosuGiQ=
golang.org/x/tools v0.0.0-20180917221912-90fa682c2a6e/go.mod h1:n7NCudcB/nEzxVGmLbDWY5pfWTLqBcC2KZ6jyYvM4mQ=
golang.org/x/xerrors v0.0.0-20191204190536-9bdfabe68543/go.mod h1:I/5z698sn9Ka8TeJc9MKroUUfqBBauWjQqLJ2OPfmY0=
gopkg.in/check.v1 v0.0.0-20161208181325-20d25e280405/go.mod h1:Co6ibVJAznAaIkqp8huTwlJQCZ016jof/cbN4VW5Yz0=
gopkg.in/yaml.v3 v3.0.0-20200313102051-9f266ea9e77c h1:dUUwHk2QECo/6vqA44rthZ8ie2QXMNeKRTHCNY2nXvo=
gopkg.in/yaml.v3 v3.0.0-20200313102051-9f266ea9e77c/go.mod h1:K4uyk7z7BCEPqu6E+C64Yfv1cQ7kz7rIZviUmN+EgEM=
lukechampine.com/blake3 v1.1.6 h1:H3cROdztr7RCfoaTpGZFQsrqvweFLrqS73j7L7cmR5c=
lukechampine.com/blake3 v1.1.6/go.mod h1:tkKEOtDkNtklkXtLNEOGNq5tcV90tJiA1vAA12R78LA=
lukechampine.com/blake3 v1.1.7 h1:GgRMhmdsuK8+ii6UZFDL8Nb+VyMwadAgcJyfYHxG6n0=
lukechampine.com/blake3 v1.1.7/go.mod h1:tkKEOtDkNtklkXtLNEOGNq5tcV90tJiA1vAA12R78LA=
